// !$*UTF8*$!
{
	archiveVersion = 1;
	classes = {
	};
	objectVersion = 50;
	objects = {

/* Begin PBXBuildFile section */
		C1F17AF225BA6DA20063651B /* AppDelegate.swift in Sources */ = {isa = PBXBuildFile; fileRef = C1F17AF125BA6DA20063651B /* AppDelegate.swift */; };
		C1F17AF425BA6DA20063651B /* SceneDelegate.swift in Sources */ = {isa = PBXBuildFile; fileRef = C1F17AF325BA6DA20063651B /* SceneDelegate.swift */; };
		C1F17AF625BA6DA20063651B /* ViewController.swift in Sources */ = {isa = PBXBuildFile; fileRef = C1F17AF525BA6DA20063651B /* ViewController.swift */; };
		C1F17AF925BA6DA20063651B /* Main.storyboard in Resources */ = {isa = PBXBuildFile; fileRef = C1F17AF725BA6DA20063651B /* Main.storyboard */; };
		C1F17AFB25BA6DA30063651B /* Assets.xcassets in Resources */ = {isa = PBXBuildFile; fileRef = C1F17AFA25BA6DA30063651B /* Assets.xcassets */; };
		C1F17AFE25BA6DA30063651B /* LaunchScreen.storyboard in Resources */ = {isa = PBXBuildFile; fileRef = C1F17AFC25BA6DA30063651B /* LaunchScreen.storyboard */; };
		C1F17B0925BA6DA40063651B /* PreworkTests.swift in Sources */ = {isa = PBXBuildFile; fileRef = C1F17B0825BA6DA40063651B /* PreworkTests.swift */; };
		C1F17B1425BA6DA40063651B /* PreworkUITests.swift in Sources */ = {isa = PBXBuildFile; fileRef = C1F17B1325BA6DA40063651B /* PreworkUITests.swift */; };
/* End PBXBuildFile section */

/* Begin PBXContainerItemProxy section */
		C1F17B0525BA6DA40063651B /* PBXContainerItemProxy */ = {
			isa = PBXContainerItemProxy;
			containerPortal = C1F17AE625BA6DA20063651B /* Project object */;
			proxyType = 1;
			remoteGlobalIDString = C1F17AED25BA6DA20063651B;
			remoteInfo = Prework;
		};
		C1F17B1025BA6DA40063651B /* PBXContainerItemProxy */ = {
			isa = PBXContainerItemProxy;
			containerPortal = C1F17AE625BA6DA20063651B /* Project object */;
			proxyType = 1;
			remoteGlobalIDString = C1F17AED25BA6DA20063651B;
			remoteInfo = Prework;
		};
/* End PBXContainerItemProxy section */

/* Begin PBXFileReference section */
		C1F17AEE25BA6DA20063651B /* Prework.app */ = {isa = PBXFileReference; explicitFileType = wrapper.application; includeInIndex = 0; path = Prework.app; sourceTree = BUILT_PRODUCTS_DIR; };
		C1F17AF125BA6DA20063651B /* AppDelegate.swift */ = {isa = PBXFileReference; lastKnownFileType = sourcecode.swift; path = AppDelegate.swift; sourceTree = "<group>"; };
		C1F17AF325BA6DA20063651B /* SceneDelegate.swift */ = {isa = PBXFileReference; lastKnownFileType = sourcecode.swift; path = SceneDelegate.swift; sourceTree = "<group>"; };
		C1F17AF525BA6DA20063651B /* ViewController.swift */ = {isa = PBXFileReference; lastKnownFileType = sourcecode.swift; path = ViewController.swift; sourceTree = "<group>"; };
		C1F17AF825BA6DA20063651B /* Base */ = {isa = PBXFileReference; lastKnownFileType = file.storyboard; name = Base; path = Base.lproj/Main.storyboard; sourceTree = "<group>"; };
		C1F17AFA25BA6DA30063651B /* Assets.xcassets */ = {isa = PBXFileReference; lastKnownFileType = folder.assetcatalog; path = Assets.xcassets; sourceTree = "<group>"; };
		C1F17AFD25BA6DA30063651B /* Base */ = {isa = PBXFileReference; lastKnownFileType = file.storyboard; name = Base; path = Base.lproj/LaunchScreen.storyboard; sourceTree = "<group>"; };
		C1F17AFF25BA6DA30063651B /* Info.plist */ = {isa = PBXFileReference; lastKnownFileType = text.plist.xml; path = Info.plist; sourceTree = "<group>"; };
		C1F17B0425BA6DA40063651B /* PreworkTests.xctest */ = {isa = PBXFileReference; explicitFileType = wrapper.cfbundle; includeInIndex = 0; path = PreworkTests.xctest; sourceTree = BUILT_PRODUCTS_DIR; };
		C1F17B0825BA6DA40063651B /* PreworkTests.swift */ = {isa = PBXFileReference; lastKnownFileType = sourcecode.swift; path = PreworkTests.swift; sourceTree = "<group>"; };
		C1F17B0A25BA6DA40063651B /* Info.plist */ = {isa = PBXFileReference; lastKnownFileType = text.plist.xml; path = Info.plist; sourceTree = "<group>"; };
		C1F17B0F25BA6DA40063651B /* PreworkUITests.xctest */ = {isa = PBXFileReference; explicitFileType = wrapper.cfbundle; includeInIndex = 0; path = PreworkUITests.xctest; sourceTree = BUILT_PRODUCTS_DIR; };
		C1F17B1325BA6DA40063651B /* PreworkUITests.swift */ = {isa = PBXFileReference; lastKnownFileType = sourcecode.swift; path = PreworkUITests.swift; sourceTree = "<group>"; };
		C1F17B1525BA6DA40063651B /* Info.plist */ = {isa = PBXFileReference; lastKnownFileType = text.plist.xml; path = Info.plist; sourceTree = "<group>"; };
/* End PBXFileReference section */

/* Begin PBXFrameworksBuildPhase section */
		C1F17AEB25BA6DA20063651B /* Frameworks */ = {
			isa = PBXFrameworksBuildPhase;
			buildActionMask = 2147483647;
			files = (
			);
			runOnlyForDeploymentPostprocessing = 0;
		};
		C1F17B0125BA6DA40063651B /* Frameworks */ = {
			isa = PBXFrameworksBuildPhase;
			buildActionMask = 2147483647;
			files = (
			);
			runOnlyForDeploymentPostprocessing = 0;
		};
		C1F17B0C25BA6DA40063651B /* Frameworks */ = {
			isa = PBXFrameworksBuildPhase;
			buildActionMask = 2147483647;
			files = (
			);
			runOnlyForDeploymentPostprocessing = 0;
		};
/* End PBXFrameworksBuildPhase section */

/* Begin PBXGroup section */
		C1F17AE525BA6DA20063651B = {
			isa = PBXGroup;
			children = (
				C1F17AF025BA6DA20063651B /* Prework */,
				C1F17B0725BA6DA40063651B /* PreworkTests */,
				C1F17B1225BA6DA40063651B /* PreworkUITests */,
				C1F17AEF25BA6DA20063651B /* Products */,
			);
			sourceTree = "<group>";
		};
		C1F17AEF25BA6DA20063651B /* Products */ = {
			isa = PBXGroup;
			children = (
				C1F17AEE25BA6DA20063651B /* Prework.app */,
				C1F17B0425BA6DA40063651B /* PreworkTests.xctest */,
				C1F17B0F25BA6DA40063651B /* PreworkUITests.xctest */,
			);
			name = Products;
			sourceTree = "<group>";
		};
		C1F17AF025BA6DA20063651B /* Prework */ = {
			isa = PBXGroup;
			children = (
				C1F17AF125BA6DA20063651B /* AppDelegate.swift */,
				C1F17AF325BA6DA20063651B /* SceneDelegate.swift */,
				C1F17AF525BA6DA20063651B /* ViewController.swift */,
				C1F17AF725BA6DA20063651B /* Main.storyboard */,
				C1F17AFA25BA6DA30063651B /* Assets.xcassets */,
				C1F17AFC25BA6DA30063651B /* LaunchScreen.storyboard */,
				C1F17AFF25BA6DA30063651B /* Info.plist */,
			);
			path = Prework;
			sourceTree = "<group>";
		};
		C1F17B0725BA6DA40063651B /* PreworkTests */ = {
			isa = PBXGroup;
			children = (
				C1F17B0825BA6DA40063651B /* PreworkTests.swift */,
				C1F17B0A25BA6DA40063651B /* Info.plist */,
			);
			path = PreworkTests;
			sourceTree = "<group>";
		};
		C1F17B1225BA6DA40063651B /* PreworkUITests */ = {
			isa = PBXGroup;
			children = (
				C1F17B1325BA6DA40063651B /* PreworkUITests.swift */,
				C1F17B1525BA6DA40063651B /* Info.plist */,
			);
			path = PreworkUITests;
			sourceTree = "<group>";
		};
/* End PBXGroup section */

/* Begin PBXNativeTarget section */
		C1F17AED25BA6DA20063651B /* Prework */ = {
			isa = PBXNativeTarget;
			buildConfigurationList = C1F17B1825BA6DA40063651B /* Build configuration list for PBXNativeTarget "Prework" */;
			buildPhases = (
				C1F17AEA25BA6DA20063651B /* Sources */,
				C1F17AEB25BA6DA20063651B /* Frameworks */,
				C1F17AEC25BA6DA20063651B /* Resources */,
			);
			buildRules = (
			);
			dependencies = (
			);
			name = Prework;
			productName = Prework;
			productReference = C1F17AEE25BA6DA20063651B /* Prework.app */;
			productType = "com.apple.product-type.application";
		};
		C1F17B0325BA6DA40063651B /* PreworkTests */ = {
			isa = PBXNativeTarget;
			buildConfigurationList = C1F17B1B25BA6DA40063651B /* Build configuration list for PBXNativeTarget "PreworkTests" */;
			buildPhases = (
				C1F17B0025BA6DA40063651B /* Sources */,
				C1F17B0125BA6DA40063651B /* Frameworks */,
				C1F17B0225BA6DA40063651B /* Resources */,
			);
			buildRules = (
			);
			dependencies = (
				C1F17B0625BA6DA40063651B /* PBXTargetDependency */,
			);
			name = PreworkTests;
			productName = PreworkTests;
			productReference = C1F17B0425BA6DA40063651B /* PreworkTests.xctest */;
			productType = "com.apple.product-type.bundle.unit-test";
		};
		C1F17B0E25BA6DA40063651B /* PreworkUITests */ = {
			isa = PBXNativeTarget;
			buildConfigurationList = C1F17B1E25BA6DA40063651B /* Build configuration list for PBXNativeTarget "PreworkUITests" */;
			buildPhases = (
				C1F17B0B25BA6DA40063651B /* Sources */,
				C1F17B0C25BA6DA40063651B /* Frameworks */,
				C1F17B0D25BA6DA40063651B /* Resources */,
			);
			buildRules = (
			);
			dependencies = (
				C1F17B1125BA6DA40063651B /* PBXTargetDependency */,
			);
			name = PreworkUITests;
			productName = PreworkUITests;
			productReference = C1F17B0F25BA6DA40063651B /* PreworkUITests.xctest */;
			productType = "com.apple.product-type.bundle.ui-testing";
		};
/* End PBXNativeTarget section */

/* Begin PBXProject section */
		C1F17AE625BA6DA20063651B /* Project object */ = {
			isa = PBXProject;
			attributes = {
				LastSwiftUpdateCheck = 1230;
				LastUpgradeCheck = 1230;
				TargetAttributes = {
					C1F17AED25BA6DA20063651B = {
						CreatedOnToolsVersion = 12.3;
					};
					C1F17B0325BA6DA40063651B = {
						CreatedOnToolsVersion = 12.3;
						TestTargetID = C1F17AED25BA6DA20063651B;
					};
					C1F17B0E25BA6DA40063651B = {
						CreatedOnToolsVersion = 12.3;
						TestTargetID = C1F17AED25BA6DA20063651B;
					};
				};
			};
			buildConfigurationList = C1F17AE925BA6DA20063651B /* Build configuration list for PBXProject "Prework" */;
			compatibilityVersion = "Xcode 9.3";
			developmentRegion = en;
			hasScannedForEncodings = 0;
			knownRegions = (
				en,
				Base,
			);
			mainGroup = C1F17AE525BA6DA20063651B;
			productRefGroup = C1F17AEF25BA6DA20063651B /* Products */;
			projectDirPath = "";
			projectRoot = "";
			targets = (
				C1F17AED25BA6DA20063651B /* Prework */,
				C1F17B0325BA6DA40063651B /* PreworkTests */,
				C1F17B0E25BA6DA40063651B /* PreworkUITests */,
			);
		};
/* End PBXProject section */

/* Begin PBXResourcesBuildPhase section */
		C1F17AEC25BA6DA20063651B /* Resources */ = {
			isa = PBXResourcesBuildPhase;
			buildActionMask = 2147483647;
			files = (
				C1F17AFE25BA6DA30063651B /* LaunchScreen.storyboard in Resources */,
				C1F17AFB25BA6DA30063651B /* Assets.xcassets in Resources */,
				C1F17AF925BA6DA20063651B /* Main.storyboard in Resources */,
			);
			runOnlyForDeploymentPostprocessing = 0;
		};
		C1F17B0225BA6DA40063651B /* Resources */ = {
			isa = PBXResourcesBuildPhase;
			buildActionMask = 2147483647;
			files = (
			);
			runOnlyForDeploymentPostprocessing = 0;
		};
		C1F17B0D25BA6DA40063651B /* Resources */ = {
			isa = PBXResourcesBuildPhase;
			buildActionMask = 2147483647;
			files = (
			);
			runOnlyForDeploymentPostprocessing = 0;
		};
/* End PBXResourcesBuildPhase section */

/* Begin PBXSourcesBuildPhase section */
		C1F17AEA25BA6DA20063651B /* Sources */ = {
			isa = PBXSourcesBuildPhase;
			buildActionMask = 2147483647;
			files = (
				C1F17AF625BA6DA20063651B /* ViewController.swift in Sources */,
				C1F17AF225BA6DA20063651B /* AppDelegate.swift in Sources */,
				C1F17AF425BA6DA20063651B /* SceneDelegate.swift in Sources */,
			);
			runOnlyForDeploymentPostprocessing = 0;
		};
		C1F17B0025BA6DA40063651B /* Sources */ = {
			isa = PBXSourcesBuildPhase;
			buildActionMask = 2147483647;
			files = (
				C1F17B0925BA6DA40063651B /* PreworkTests.swift in Sources */,
			);
			runOnlyForDeploymentPostprocessing = 0;
		};
		C1F17B0B25BA6DA40063651B /* Sources */ = {
			isa = PBXSourcesBuildPhase;
			buildActionMask = 2147483647;
			files = (
				C1F17B1425BA6DA40063651B /* PreworkUITests.swift in Sources */,
			);
			runOnlyForDeploymentPostprocessing = 0;
		};
/* End PBXSourcesBuildPhase section */

/* Begin PBXTargetDependency section */
		C1F17B0625BA6DA40063651B /* PBXTargetDependency */ = {
			isa = PBXTargetDependency;
			target = C1F17AED25BA6DA20063651B /* Prework */;
			targetProxy = C1F17B0525BA6DA40063651B /* PBXContainerItemProxy */;
		};
		C1F17B1125BA6DA40063651B /* PBXTargetDependency */ = {
			isa = PBXTargetDependency;
			target = C1F17AED25BA6DA20063651B /* Prework */;
			targetProxy = C1F17B1025BA6DA40063651B /* PBXContainerItemProxy */;
		};
/* End PBXTargetDependency section */

/* Begin PBXVariantGroup section */
		C1F17AF725BA6DA20063651B /* Main.storyboard */ = {
			isa = PBXVariantGroup;
			children = (
				C1F17AF825BA6DA20063651B /* Base */,
			);
			name = Main.storyboard;
			sourceTree = "<group>";
		};
		C1F17AFC25BA6DA30063651B /* LaunchScreen.storyboard */ = {
			isa = PBXVariantGroup;
			children = (
				C1F17AFD25BA6DA30063651B /* Base */,
			);
			name = LaunchScreen.storyboard;
			sourceTree = "<group>";
		};
/* End PBXVariantGroup section */

/* Begin XCBuildConfiguration section */
		C1F17B1625BA6DA40063651B /* Debug */ = {
			isa = XCBuildConfiguration;
			buildSettings = {
				ALWAYS_SEARCH_USER_PATHS = NO;
				CLANG_ANALYZER_NONNULL = YES;
				CLANG_ANALYZER_NUMBER_OBJECT_CONVERSION = YES_AGGRESSIVE;
				CLANG_CXX_LANGUAGE_STANDARD = "gnu++14";
				CLANG_CXX_LIBRARY = "libc++";
				CLANG_ENABLE_MODULES = YES;
				CLANG_ENABLE_OBJC_ARC = YES;
				CLANG_ENABLE_OBJC_WEAK = YES;
				CLANG_WARN_BLOCK_CAPTURE_AUTORELEASING = YES;
				CLANG_WARN_BOOL_CONVERSION = YES;
				CLANG_WARN_COMMA = YES;
				CLANG_WARN_CONSTANT_CONVERSION = YES;
				CLANG_WARN_DEPRECATED_OBJC_IMPLEMENTATIONS = YES;
				CLANG_WARN_DIRECT_OBJC_ISA_USAGE = YES_ERROR;
				CLANG_WARN_DOCUMENTATION_COMMENTS = YES;
				CLANG_WARN_EMPTY_BODY = YES;
				CLANG_WARN_ENUM_CONVERSION = YES;
				CLANG_WARN_INFINITE_RECURSION = YES;
				CLANG_WARN_INT_CONVERSION = YES;
				CLANG_WARN_NON_LITERAL_NULL_CONVERSION = YES;
				CLANG_WARN_OBJC_IMPLICIT_RETAIN_SELF = YES;
				CLANG_WARN_OBJC_LITERAL_CONVERSION = YES;
				CLANG_WARN_OBJC_ROOT_CLASS = YES_ERROR;
				CLANG_WARN_QUOTED_INCLUDE_IN_FRAMEWORK_HEADER = YES;
				CLANG_WARN_RANGE_LOOP_ANALYSIS = YES;
				CLANG_WARN_STRICT_PROTOTYPES = YES;
				CLANG_WARN_SUSPICIOUS_MOVE = YES;
				CLANG_WARN_UNGUARDED_AVAILABILITY = YES_AGGRESSIVE;
				CLANG_WARN_UNREACHABLE_CODE = YES;
				CLANG_WARN__DUPLICATE_METHOD_MATCH = YES;
				COPY_PHASE_STRIP = NO;
				DEBUG_INFORMATION_FORMAT = dwarf;
				ENABLE_STRICT_OBJC_MSGSEND = YES;
				ENABLE_TESTABILITY = YES;
				GCC_C_LANGUAGE_STANDARD = gnu11;
				GCC_DYNAMIC_NO_PIC = NO;
				GCC_NO_COMMON_BLOCKS = YES;
				GCC_OPTIMIZATION_LEVEL = 0;
				GCC_PREPROCESSOR_DEFINITIONS = (
					"DEBUG=1",
					"$(inherited)",
				);
				GCC_WARN_64_TO_32_BIT_CONVERSION = YES;
				GCC_WARN_ABOUT_RETURN_TYPE = YES_ERROR;
				GCC_WARN_UNDECLARED_SELECTOR = YES;
				GCC_WARN_UNINITIALIZED_AUTOS = YES_AGGRESSIVE;
				GCC_WARN_UNUSED_FUNCTION = YES;
				GCC_WARN_UNUSED_VARIABLE = YES;
				IPHONEOS_DEPLOYMENT_TARGET = 14.3;
				MTL_ENABLE_DEBUG_INFO = INCLUDE_SOURCE;
				MTL_FAST_MATH = YES;
				ONLY_ACTIVE_ARCH = YES;
				SDKROOT = iphoneos;
				SWIFT_ACTIVE_COMPILATION_CONDITIONS = DEBUG;
				SWIFT_OPTIMIZATION_LEVEL = "-Onone";
			};
			name = Debug;
		};
		C1F17B1725BA6DA40063651B /* Release */ = {
			isa = XCBuildConfiguration;
			buildSettings = {
				ALWAYS_SEARCH_USER_PATHS = NO;
				CLANG_ANALYZER_NONNULL = YES;
				CLANG_ANALYZER_NUMBER_OBJECT_CONVERSION = YES_AGGRESSIVE;
				CLANG_CXX_LANGUAGE_STANDARD = "gnu++14";
				CLANG_CXX_LIBRARY = "libc++";
				CLANG_ENABLE_MODULES = YES;
				CLANG_ENABLE_OBJC_ARC = YES;
				CLANG_ENABLE_OBJC_WEAK = YES;
				CLANG_WARN_BLOCK_CAPTURE_AUTORELEASING = YES;
				CLANG_WARN_BOOL_CONVERSION = YES;
				CLANG_WARN_COMMA = YES;
				CLANG_WARN_CONSTANT_CONVERSION = YES;
				CLANG_WARN_DEPRECATED_OBJC_IMPLEMENTATIONS = YES;
				CLANG_WARN_DIRECT_OBJC_ISA_USAGE = YES_ERROR;
				CLANG_WARN_DOCUMENTATION_COMMENTS = YES;
				CLANG_WARN_EMPTY_BODY = YES;
				CLANG_WARN_ENUM_CONVERSION = YES;
				CLANG_WARN_INFINITE_RECURSION = YES;
				CLANG_WARN_INT_CONVERSION = YES;
				CLANG_WARN_NON_LITERAL_NULL_CONVERSION = YES;
				CLANG_WARN_OBJC_IMPLICIT_RETAIN_SELF = YES;
				CLANG_WARN_OBJC_LITERAL_CONVERSION = YES;
				CLANG_WARN_OBJC_ROOT_CLASS = YES_ERROR;
				CLANG_WARN_QUOTED_INCLUDE_IN_FRAMEWORK_HEADER = YES;
				CLANG_WARN_RANGE_LOOP_ANALYSIS = YES;
				CLANG_WARN_STRICT_PROTOTYPES = YES;
				CLANG_WARN_SUSPICIOUS_MOVE = YES;
				CLANG_WARN_UNGUARDED_AVAILABILITY = YES_AGGRESSIVE;
				CLANG_WARN_UNREACHABLE_CODE = YES;
				CLANG_WARN__DUPLICATE_METHOD_MATCH = YES;
				COPY_PHASE_STRIP = NO;
				DEBUG_INFORMATION_FORMAT = "dwarf-with-dsym";
				ENABLE_NS_ASSERTIONS = NO;
				ENABLE_STRICT_OBJC_MSGSEND = YES;
				GCC_C_LANGUAGE_STANDARD = gnu11;
				GCC_NO_COMMON_BLOCKS = YES;
				GCC_WARN_64_TO_32_BIT_CONVERSION = YES;
				GCC_WARN_ABOUT_RETURN_TYPE = YES_ERROR;
				GCC_WARN_UNDECLARED_SELECTOR = YES;
				GCC_WARN_UNINITIALIZED_AUTOS = YES_AGGRESSIVE;
				GCC_WARN_UNUSED_FUNCTION = YES;
				GCC_WARN_UNUSED_VARIABLE = YES;
				IPHONEOS_DEPLOYMENT_TARGET = 14.3;
				MTL_ENABLE_DEBUG_INFO = NO;
				MTL_FAST_MATH = YES;
				SDKROOT = iphoneos;
				SWIFT_COMPILATION_MODE = wholemodule;
				SWIFT_OPTIMIZATION_LEVEL = "-O";
				VALIDATE_PRODUCT = YES;
			};
			name = Release;
		};
		C1F17B1925BA6DA40063651B /* Debug */ = {
			isa = XCBuildConfiguration;
			buildSettings = {
				ASSETCATALOG_COMPILER_APPICON_NAME = AppIcon;
				ASSETCATALOG_COMPILER_GLOBAL_ACCENT_COLOR_NAME = AccentColor;
				CODE_SIGN_STYLE = Automatic;
				DEVELOPMENT_TEAM = FAY2N4HYUK;
				INFOPLIST_FILE = Prework/Info.plist;
				LD_RUNPATH_SEARCH_PATHS = (
					"$(inherited)",
					"@executable_path/Frameworks",
				);
				PRODUCT_BUNDLE_IDENTIFIER = lyons.Prework;
				PRODUCT_NAME = "$(TARGET_NAME)";
				SWIFT_VERSION = 5.0;
				TARGETED_DEVICE_FAMILY = "1,2";
			};
			name = Debug;
		};
		C1F17B1A25BA6DA40063651B /* Release */ = {
			isa = XCBuildConfiguration;
			buildSettings = {
				ASSETCATALOG_COMPILER_APPICON_NAME = AppIcon;
				ASSETCATALOG_COMPILER_GLOBAL_ACCENT_COLOR_NAME = AccentColor;
				CODE_SIGN_STYLE = Automatic;
				DEVELOPMENT_TEAM = FAY2N4HYUK;
				INFOPLIST_FILE = Prework/Info.plist;
				LD_RUNPATH_SEARCH_PATHS = (
					"$(inherited)",
					"@executable_path/Frameworks",
				);
				PRODUCT_BUNDLE_IDENTIFIER = lyons.Prework;
				PRODUCT_NAME = "$(TARGET_NAME)";
				SWIFT_VERSION = 5.0;
				TARGETED_DEVICE_FAMILY = "1,2";
			};
			name = Release;
		};
		C1F17B1C25BA6DA40063651B /* Debug */ = {
			isa = XCBuildConfiguration;
			buildSettings = {
				ALWAYS_EMBED_SWIFT_STANDARD_LIBRARIES = YES;
				BUNDLE_LOADER = "$(TEST_HOST)";
				CODE_SIGN_STYLE = Automatic;
				DEVELOPMENT_TEAM = FAY2N4HYUK;
				INFOPLIST_FILE = PreworkTests/Info.plist;
				IPHONEOS_DEPLOYMENT_TARGET = 14.3;
				LD_RUNPATH_SEARCH_PATHS = (
					"$(inherited)",
					"@executable_path/Frameworks",
					"@loader_path/Frameworks",
				);
				PRODUCT_BUNDLE_IDENTIFIER = lyons.PreworkTests;
				PRODUCT_NAME = "$(TARGET_NAME)";
				SWIFT_VERSION = 5.0;
				TARGETED_DEVICE_FAMILY = "1,2";
				TEST_HOST = "$(BUILT_PRODUCTS_DIR)/Prework.app/Prework";
			};
			name = Debug;
		};
		C1F17B1D25BA6DA40063651B /* Release */ = {
			isa = XCBuildConfiguration;
			buildSettings = {
				ALWAYS_EMBED_SWIFT_STANDARD_LIBRARIES = YES;
				BUNDLE_LOADER = "$(TEST_HOST)";
				CODE_SIGN_STYLE = Automatic;
				DEVELOPMENT_TEAM = FAY2N4HYUK;
				INFOPLIST_FILE = PreworkTests/Info.plist;
				IPHONEOS_DEPLOYMENT_TARGET = 14.3;
				LD_RUNPATH_SEARCH_PATHS = (
					"$(inherited)",
					"@executable_path/Frameworks",
					"@loader_path/Frameworks",
				);
				PRODUCT_BUNDLE_IDENTIFIER = lyons.PreworkTests;
				PRODUCT_NAME = "$(TARGET_NAME)";
				SWIFT_VERSION = 5.0;
				TARGETED_DEVICE_FAMILY = "1,2";
				TEST_HOST = "$(BUILT_PRODUCTS_DIR)/Prework.app/Prework";
			};
			name = Release;
		};
		C1F17B1F25BA6DA40063651B /* Debug */ = {
			isa = XCBuildConfiguration;
			buildSettings = {
				ALWAYS_EMBED_SWIFT_STANDARD_LIBRARIES = YES;
				CODE_SIGN_STYLE = Automatic;
				DEVELOPMENT_TEAM = FAY2N4HYUK;
				INFOPLIST_FILE = PreworkUITests/Info.plist;
				LD_RUNPATH_SEARCH_PATHS = (
					"$(inherited)",
					"@executable_path/Frameworks",
					"@loader_path/Frameworks",
				);
				PRODUCT_BUNDLE_IDENTIFIER = lyons.PreworkUITests;
				PRODUCT_NAME = "$(TARGET_NAME)";
				SWIFT_VERSION = 5.0;
				TARGETED_DEVICE_FAMILY = "1,2";
				TEST_TARGET_NAME = Prework;
			};
			name = Debug;
		};
		C1F17B2025BA6DA40063651B /* Release */ = {
			isa = XCBuildConfiguration;
			buildSettings = {
				ALWAYS_EMBED_SWIFT_STANDARD_LIBRARIES = YES;
				CODE_SIGN_STYLE = Automatic;
				DEVELOPMENT_TEAM = FAY2N4HYUK;
				INFOPLIST_FILE = PreworkUITests/Info.plist;
				LD_RUNPATH_SEARCH_PATHS = (
					"$(inherited)",
					"@executable_path/Frameworks",
					"@loader_path/Frameworks",
				);
				PRODUCT_BUNDLE_IDENTIFIER = lyons.PreworkUITests;
				PRODUCT_NAME = "$(TARGET_NAME)";
				SWIFT_VERSION = 5.0;
				TARGETED_DEVICE_FAMILY = "1,2";
				TEST_TARGET_NAME = Prework;
			};
			name = Release;
		};
/* End XCBuildConfiguration section */

/* Begin XCConfigurationList section */
		C1F17AE925BA6DA20063651B /* Build configuration list for PBXProject "Prework" */ = {
			isa = XCConfigurationList;
			buildConfigurations = (
				C1F17B1625BA6DA40063651B /* Debug */,
				C1F17B1725BA6DA40063651B /* Release */,
			);
			defaultConfigurationIsVisible = 0;
			defaultConfigurationName = Release;
		};
		C1F17B1825BA6DA40063651B /* Build configuration list for PBXNativeTarget "Prework" */ = {
			isa = XCConfigurationList;
			buildConfigurations = (
				C1F17B1925BA6DA40063651B /* Debug */,
				C1F17B1A25BA6DA40063651B /* Release */,
			);
			defaultConfigurationIsVisible = 0;
			defaultConfigurationName = Release;
		};
		C1F17B1B25BA6DA40063651B /* Build configuration list for PBXNativeTarget "PreworkTests" */ = {
			isa = XCConfigurationList;
			buildConfigurations = (
				C1F17B1C25BA6DA40063651B /* Debug */,
				C1F17B1D25BA6DA40063651B /* Release */,
			);
			defaultConfigurationIsVisible = 0;
			defaultConfigurationName = Release;
		};
		C1F17B1E25BA6DA40063651B /* Build configuration list for PBXNativeTarget "PreworkUITests" */ = {
			isa = XCConfigurationList;
			buildConfigurations = (
				C1F17B1F25BA6DA40063651B /* Debug */,
				C1F17B2025BA6DA40063651B /* Release */,
			);
			defaultConfigurationIsVisible = 0;
			defaultConfigurationName = Release;
		};
/* End XCConfigurationList section */
	};
	rootObject = C1F17AE625BA6DA20063651B /* Project object */;
}
